
Microsoft Visual Studio Solution File, Format Version 12.00
# Visual Studio Version 17
VisualStudioVersion = 17.5.33424.131
MinimumVisualStudioVersion = 10.0.40219.1
Project("{FAE04EC0-301F-11D3-BF4B-00C04F79EFBC}") = "BMI-API", "BMI-API\BMI-API.csproj", "{140647F0-5202-44A6-8ED3-DA2FF1A47298}"
EndProject
Global
	GlobalSection(SolutionConfigurationPlatforms) = preSolution
		Debug|Any CPU = Debug|Any CPU
		Release|Any CPU = Release|Any CPU
	EndGlobalSection
	GlobalSection(ProjectConfigurationPlatforms) = postSolution
		{140647F0-5202-44A6-8ED3-DA2FF1A47298}.Debug|Any CPU.ActiveCfg = Debug|Any CPU
		{140647F0-5202-44A6-8ED3-DA2FF1A47298}.Debug|Any CPU.Build.0 = Debug|Any CPU
		{140647F0-5202-44A6-8ED3-DA2FF1A47298}.Release|Any CPU.ActiveCfg = Release|Any CPU
		{140647F0-5202-44A6-8ED3-DA2FF1A47298}.Release|Any CPU.Build.0 = Release|Any CPU
	EndGlobalSection
	GlobalSection(SolutionProperties) = preSolution
		HideSolutionNode = FALSE
	EndGlobalSection
	GlobalSection(ExtensibilityGlobals) = postSolution
		SolutionGuid = {70B354F2-608D-4B9A-9E22-D1C958709FF7}
	EndGlobalSection
EndGlobal
